{
  "nodes": {
    "emacs-overlay": {
      "inputs": {
        "flake-utils": "flake-utils",
        "nixpkgs": "nixpkgs"
      },
      "locked": {
        "lastModified": 1669924706,
        "narHash": "sha256-5YdsL731ESOT8wZ6aBPG7V2AZxYglK/N8JJopp9R+Ow=",
        "owner": "nix-community",
        "repo": "emacs-overlay",
        "rev": "7419dbeb120e44bfb8cbbb74f1b4e77b3f8401ab",
        "type": "github"
      },
      "original": {
        "owner": "nix-community",
        "repo": "emacs-overlay",
        "type": "github"
      }
    },
    "flake-utils": {
      "locked": {
        "lastModified": 1667395993,
        "narHash": "sha256-nuEHfE/LcWyuSWnS8t12N1wc105Qtau+/OdUAjtQ0rA=",
        "owner": "numtide",
        "repo": "flake-utils",
        "rev": "5aed5285a952e0b949eb3ba02c12fa4fcfef535f",
        "type": "github"
      },
      "original": {
        "owner": "numtide",
        "repo": "flake-utils",
        "type": "github"
      }
    },
    "flake-utils_2": {
      "locked": {
        "lastModified": 1667395993,
        "narHash": "sha256-nuEHfE/LcWyuSWnS8t12N1wc105Qtau+/OdUAjtQ0rA=",
        "owner": "numtide",
        "repo": "flake-utils",
        "rev": "5aed5285a952e0b949eb3ba02c12fa4fcfef535f",
        "type": "github"
      },
      "original": {
        "owner": "numtide",
        "repo": "flake-utils",
        "type": "github"
      }
    },
    "nixpkgs": {
      "locked": {
        "lastModified": 1669165918,
        "narHash": "sha256-hIVruk2+0wmw/Kfzy11rG3q7ev3VTi/IKVODeHcVjFo=",
        "path": "/nix/store/xg443kgv0a4zhpqpfvb5n3b1qyv15z73-source",
        "rev": "3b400a525d92e4085e46141ff48cbf89fd89739e",
        "type": "path"
      },
      "original": {
        "id": "nixpkgs",
        "type": "indirect"
      }
    },
    "nixpkgs_2": {
      "locked": {
        "lastModified": 1669945636,
        "narHash": "sha256-UVCvmGRi2kgCBDOW6N0H9YvCmnFUwX4Dlp7YdmV8vQ4=",
        "owner": "nixos",
        "repo": "nixpkgs",
        "rev": "fae8b2c51156443f4faf4d793f04bb9037dedfc7",
        "type": "github"
      },
      "original": {
        "owner": "nixos",
        "ref": "release-22.11",
        "repo": "nixpkgs",
        "type": "github"
      }
    },
    "root": {
      "inputs": {
        "emacs-overlay": "emacs-overlay",
        "flake-utils": "flake-utils_2",
        "nixpkgs": "nixpkgs_2"
      }
    }
  },
  "root": "root",
  "version": 7
}
